// !$*UTF8*$!
{
	archiveVersion = 1;
	classes = {
	};
	objectVersion = 56;
	objects = {

/* Begin PBXBuildFile section */
		C2E4DC132C5C411900586D83 /* SETApp.swift in Sources */ = {isa = PBXBuildFile; fileRef = C2E4DC122C5C411900586D83 /* SETApp.swift */; };
		C2E4DC152C5C411900586D83 /* ColorfulSetGameView.swift in Sources */ = {isa = PBXBuildFile; fileRef = C2E4DC142C5C411900586D83 /* ColorfulSetGameView.swift */; };
		C2E4DC172C5C411A00586D83 /* Assets.xcassets in Resources */ = {isa = PBXBuildFile; fileRef = C2E4DC162C5C411A00586D83 /* Assets.xcassets */; };
		C2E4DC1A2C5C411A00586D83 /* Preview Assets.xcassets in Resources */ = {isa = PBXBuildFile; fileRef = C2E4DC192C5C411A00586D83 /* Preview Assets.xcassets */; };
		C2E4DC212C5C413B00586D83 /* ColorfulSetGame.swift in Sources */ = {isa = PBXBuildFile; fileRef = C2E4DC202C5C413B00586D83 /* ColorfulSetGame.swift */; };
		C2E4DC232C5C414C00586D83 /* SetGame.swift in Sources */ = {isa = PBXBuildFile; fileRef = C2E4DC222C5C414C00586D83 /* SetGame.swift */; };
		C2E4DC252C5C415D00586D83 /* AspectVGrid.swift in Sources */ = {isa = PBXBuildFile; fileRef = C2E4DC242C5C415D00586D83 /* AspectVGrid.swift */; };
		C2E4DC272C5C416900586D83 /* Diamond.swift in Sources */ = {isa = PBXBuildFile; fileRef = C2E4DC262C5C416900586D83 /* Diamond.swift */; };
		C2E4DC292C5C418E00586D83 /* CardView.swift in Sources */ = {isa = PBXBuildFile; fileRef = C2E4DC282C5C418E00586D83 /* CardView.swift */; };
		C2E4DC2B2C5C41A500586D83 /* Symbol.swift in Sources */ = {isa = PBXBuildFile; fileRef = C2E4DC2A2C5C41A500586D83 /* Symbol.swift */; };
/* End PBXBuildFile section */

/* Begin PBXFileReference section */
		C2E4DC0F2C5C411800586D83 /* SET.app */ = {isa = PBXFileReference; explicitFileType = wrapper.application; includeInIndex = 0; path = SET.app; sourceTree = BUILT_PRODUCTS_DIR; };
		C2E4DC122C5C411900586D83 /* SETApp.swift */ = {isa = PBXFileReference; lastKnownFileType = sourcecode.swift; path = SETApp.swift; sourceTree = "<group>"; };
		C2E4DC142C5C411900586D83 /* ColorfulSetGameView.swift */ = {isa = PBXFileReference; lastKnownFileType = sourcecode.swift; path = ColorfulSetGameView.swift; sourceTree = "<group>"; };
		C2E4DC162C5C411A00586D83 /* Assets.xcassets */ = {isa = PBXFileReference; lastKnownFileType = folder.assetcatalog; path = Assets.xcassets; sourceTree = "<group>"; };
		C2E4DC192C5C411A00586D83 /* Preview Assets.xcassets */ = {isa = PBXFileReference; lastKnownFileType = folder.assetcatalog; path = "Preview Assets.xcassets"; sourceTree = "<group>"; };
		C2E4DC202C5C413B00586D83 /* ColorfulSetGame.swift */ = {isa = PBXFileReference; lastKnownFileType = sourcecode.swift; path = ColorfulSetGame.swift; sourceTree = "<group>"; };
		C2E4DC222C5C414C00586D83 /* SetGame.swift */ = {isa = PBXFileReference; lastKnownFileType = sourcecode.swift; path = SetGame.swift; sourceTree = "<group>"; };
		C2E4DC242C5C415D00586D83 /* AspectVGrid.swift */ = {isa = PBXFileReference; lastKnownFileType = sourcecode.swift; path = AspectVGrid.swift; sourceTree = "<group>"; };
		C2E4DC262C5C416900586D83 /* Diamond.swift */ = {isa = PBXFileReference; lastKnownFileType = sourcecode.swift; path = Diamond.swift; sourceTree = "<group>"; };
		C2E4DC282C5C418E00586D83 /* CardView.swift */ = {isa = PBXFileReference; lastKnownFileType = sourcecode.swift; path = CardView.swift; sourceTree = "<group>"; };
		C2E4DC2A2C5C41A500586D83 /* Symbol.swift */ = {isa = PBXFileReference; lastKnownFileType = sourcecode.swift; path = Symbol.swift; sourceTree = "<group>"; };
/* End PBXFileReference section */

/* Begin PBXFrameworksBuildPhase section */
		C2E4DC0C2C5C411800586D83 /* Frameworks */ = {
			isa = PBXFrameworksBuildPhase;
			buildActionMask = 2147483647;
			files = (
			);
			runOnlyForDeploymentPostprocessing = 0;
		};
/* End PBXFrameworksBuildPhase section */

/* Begin PBXGroup section */
		C2E4DC062C5C411800586D83 = {
			isa = PBXGroup;
			children = (
				C2E4DC112C5C411800586D83 /* SET */,
				C2E4DC102C5C411800586D83 /* Products */,
			);
			sourceTree = "<group>";
		};
		C2E4DC102C5C411800586D83 /* Products */ = {
			isa = PBXGroup;
			children = (
				C2E4DC0F2C5C411800586D83 /* SET.app */,
			);
			name = Products;
			sourceTree = "<group>";
		};
		C2E4DC112C5C411800586D83 /* SET */ = {
			isa = PBXGroup;
			children = (
				C2E4DC122C5C411900586D83 /* SETApp.swift */,
				C2E4DC142C5C411900586D83 /* ColorfulSetGameView.swift */,
				C2E4DC202C5C413B00586D83 /* ColorfulSetGame.swift */,
				C2E4DC222C5C414C00586D83 /* SetGame.swift */,
				C2E4DC242C5C415D00586D83 /* AspectVGrid.swift */,
				C2E4DC262C5C416900586D83 /* Diamond.swift */,
				C2E4DC282C5C418E00586D83 /* CardView.swift */,
				C2E4DC2A2C5C41A500586D83 /* Symbol.swift */,
				C2E4DC162C5C411A00586D83 /* Assets.xcassets */,
				C2E4DC182C5C411A00586D83 /* Preview Content */,
			);
			path = SET;
			sourceTree = "<group>";
		};
		C2E4DC182C5C411A00586D83 /* Preview Content */ = {
			isa = PBXGroup;
			children = (
				C2E4DC192C5C411A00586D83 /* Preview Assets.xcassets */,
			);
			path = "Preview Content";
			sourceTree = "<group>";
		};
/* End PBXGroup section */

/* Begin PBXNativeTarget section */
		C2E4DC0E2C5C411800586D83 /* SET */ = {
			isa = PBXNativeTarget;
			buildConfigurationList = C2E4DC1D2C5C411A00586D83 /* Build configuration list for PBXNativeTarget "SET" */;
			buildPhases = (
				C2E4DC0B2C5C411800586D83 /* Sources */,
				C2E4DC0C2C5C411800586D83 /* Frameworks */,
				C2E4DC0D2C5C411800586D83 /* Resources */,
			);
			buildRules = (
			);
			dependencies = (
			);
			name = SET;
			productName = SET;
			productReference = C2E4DC0F2C5C411800586D83 /* SET.app */;
			productType = "com.apple.product-type.application";
		};
/* End PBXNativeTarget section */

/* Begin PBXProject section */
		C2E4DC072C5C411800586D83 /* Project object */ = {
			isa = PBXProject;
			attributes = {
				BuildIndependentTargetsInParallel = 1;
				LastSwiftUpdateCheck = 1540;
				LastUpgradeCheck = 1540;
				TargetAttributes = {
					C2E4DC0E2C5C411800586D83 = {
						CreatedOnToolsVersion = 15.4;
					};
				};
			};
			buildConfigurationList = C2E4DC0A2C5C411800586D83 /* Build configuration list for PBXProject "SET" */;
			compatibilityVersion = "Xcode 14.0";
			developmentRegion = en;
			hasScannedForEncodings = 0;
			knownRegions = (
				en,
				Base,
			);
			mainGroup = C2E4DC062C5C411800586D83;
			productRefGroup = C2E4DC102C5C411800586D83 /* Products */;
			projectDirPath = "";
			projectRoot = "";
			targets = (
				C2E4DC0E2C5C411800586D83 /* SET */,
			);
		};
/* End PBXProject section */

/* Begin PBXResourcesBuildPhase section */
		C2E4DC0D2C5C411800586D83 /* Resources */ = {
			isa = PBXResourcesBuildPhase;
			buildActionMask = 2147483647;
			files = (
				C2E4DC1A2C5C411A00586D83 /* Preview Assets.xcassets in Resources */,
				C2E4DC172C5C411A00586D83 /* Assets.xcassets in Resources */,
			);
			runOnlyForDeploymentPostprocessing = 0;
		};
/* End PBXResourcesBuildPhase section */

/* Begin PBXSourcesBuildPhase section */
		C2E4DC0B2C5C411800586D83 /* Sources */ = {
			isa = PBXSourcesBuildPhase;
			buildActionMask = 2147483647;
			files = (
				C2E4DC292C5C418E00586D83 /* CardView.swift in Sources */,
				C2E4DC272C5C416900586D83 /* Diamond.swift in Sources */,
				C2E4DC152C5C411900586D83 /* ColorfulSetGameView.swift in Sources */,
				C2E4DC212C5C413B00586D83 /* ColorfulSetGame.swift in Sources */,
				C2E4DC232C5C414C00586D83 /* SetGame.swift in Sources */,
				C2E4DC2B2C5C41A500586D83 /* Symbol.swift in Sources */,
				C2E4DC252C5C415D00586D83 /* AspectVGrid.swift in Sources */,
				C2E4DC132C5C411900586D83 /* SETApp.swift in Sources */,
			);
			runOnlyForDeploymentPostprocessing = 0;
		};
/* End PBXSourcesBuildPhase section */

/* Begin XCBuildConfiguration section */
		C2E4DC1B2C5C411A00586D83 /* Debug */ = {
			isa = XCBuildConfiguration;
			buildSettings = {
				ALWAYS_SEARCH_USER_PATHS = NO;
				ASSETCATALOG_COMPILER_GENERATE_SWIFT_ASSET_SYMBOL_EXTENSIONS = YES;
				CLANG_ANALYZER_NONNULL = YES;
				CLANG_ANALYZER_NUMBER_OBJECT_CONVERSION = YES_AGGRESSIVE;
				CLANG_CXX_LANGUAGE_STANDARD = "gnu++20";
				CLANG_ENABLE_MODULES = YES;
				CLANG_ENABLE_OBJC_ARC = YES;
				CLANG_ENABLE_OBJC_WEAK = YES;
				CLANG_WARN_BLOCK_CAPTURE_AUTORELEASING = YES;
				CLANG_WARN_BOOL_CONVERSION = YES;
				CLANG_WARN_COMMA = YES;
				CLANG_WARN_CONSTANT_CONVERSION = YES;
				CLANG_WARN_DEPRECATED_OBJC_IMPLEMENTATIONS = YES;
				CLANG_WARN_DIRECT_OBJC_ISA_USAGE = YES_ERROR;
				CLANG_WARN_DOCUMENTATION_COMMENTS = YES;
				CLANG_WARN_EMPTY_BODY = YES;
				CLANG_WARN_ENUM_CONVERSION = YES;
				CLANG_WARN_INFINITE_RECURSION = YES;
				CLANG_WARN_INT_CONVERSION = YES;
				CLANG_WARN_NON_LITERAL_NULL_CONVERSION = YES;
				CLANG_WARN_OBJC_IMPLICIT_RETAIN_SELF = YES;
				CLANG_WARN_OBJC_LITERAL_CONVERSION = YES;
				CLANG_WARN_OBJC_ROOT_CLASS = YES_ERROR;
				CLANG_WARN_QUOTED_INCLUDE_IN_FRAMEWORK_HEADER = YES;
				CLANG_WARN_RANGE_LOOP_ANALYSIS = YES;
				CLANG_WARN_STRICT_PROTOTYPES = YES;
				CLANG_WARN_SUSPICIOUS_MOVE = YES;
				CLANG_WARN_UNGUARDED_AVAILABILITY = YES_AGGRESSIVE;
				CLANG_WARN_UNREACHABLE_CODE = YES;
				CLANG_WARN__DUPLICATE_METHOD_MATCH = YES;
				COPY_PHASE_STRIP = NO;
				DEBUG_INFORMATION_FORMAT = dwarf;
				ENABLE_STRICT_OBJC_MSGSEND = YES;
				ENABLE_TESTABILITY = YES;
				ENABLE_USER_SCRIPT_SANDBOXING = YES;
				GCC_C_LANGUAGE_STANDARD = gnu17;
				GCC_DYNAMIC_NO_PIC = NO;
				GCC_NO_COMMON_BLOCKS = YES;
				GCC_OPTIMIZATION_LEVEL = 0;
				GCC_PREPROCESSOR_DEFINITIONS = (
					"DEBUG=1",
					"$(inherited)",
				);
				GCC_WARN_64_TO_32_BIT_CONVERSION = YES;
				GCC_WARN_ABOUT_RETURN_TYPE = YES_ERROR;
				GCC_WARN_UNDECLARED_SELECTOR = YES;
				GCC_WARN_UNINITIALIZED_AUTOS = YES_AGGRESSIVE;
				GCC_WARN_UNUSED_FUNCTION = YES;
				GCC_WARN_UNUSED_VARIABLE = YES;
				IPHONEOS_DEPLOYMENT_TARGET = 17.5;
				LOCALIZATION_PREFERS_STRING_CATALOGS = YES;
				MTL_ENABLE_DEBUG_INFO = INCLUDE_SOURCE;
				MTL_FAST_MATH = YES;
				ONLY_ACTIVE_ARCH = YES;
				SDKROOT = iphoneos;
				SWIFT_ACTIVE_COMPILATION_CONDITIONS = "DEBUG $(inherited)";
				SWIFT_OPTIMIZATION_LEVEL = "-Onone";
			};
			name = Debug;
		};
		C2E4DC1C2C5C411A00586D83 /* Release */ = {
			isa = XCBuildConfiguration;
			buildSettings = {
				ALWAYS_SEARCH_USER_PATHS = NO;
				ASSETCATALOG_COMPILER_GENERATE_SWIFT_ASSET_SYMBOL_EXTENSIONS = YES;
				CLANG_ANALYZER_NONNULL = YES;
				CLANG_ANALYZER_NUMBER_OBJECT_CONVERSION = YES_AGGRESSIVE;
				CLANG_CXX_LANGUAGE_STANDARD = "gnu++20";
				CLANG_ENABLE_MODULES = YES;
				CLANG_ENABLE_OBJC_ARC = YES;
				CLANG_ENABLE_OBJC_WEAK = YES;
				CLANG_WARN_BLOCK_CAPTURE_AUTORELEASING = YES;
				CLANG_WARN_BOOL_CONVERSION = YES;
				CLANG_WARN_COMMA = YES;
				CLANG_WARN_CONSTANT_CONVERSION = YES;
				CLANG_WARN_DEPRECATED_OBJC_IMPLEMENTATIONS = YES;
				CLANG_WARN_DIRECT_OBJC_ISA_USAGE = YES_ERROR;
				CLANG_WARN_DOCUMENTATION_COMMENTS = YES;
				CLANG_WARN_EMPTY_BODY = YES;
				CLANG_WARN_ENUM_CONVERSION = YES;
				CLANG_WARN_INFINITE_RECURSION = YES;
				CLANG_WARN_INT_CONVERSION = YES;
				CLANG_WARN_NON_LITERAL_NULL_CONVERSION = YES;
				CLANG_WARN_OBJC_IMPLICIT_RETAIN_SELF = YES;
				CLANG_WARN_OBJC_LITERAL_CONVERSION = YES;
				CLANG_WARN_OBJC_ROOT_CLASS = YES_ERROR;
				CLANG_WARN_QUOTED_INCLUDE_IN_FRAMEWORK_HEADER = YES;
				CLANG_WARN_RANGE_LOOP_ANALYSIS = YES;
				CLANG_WARN_STRICT_PROTOTYPES = YES;
				CLANG_WARN_SUSPICIOUS_MOVE = YES;
				CLANG_WARN_UNGUARDED_AVAILABILITY = YES_AGGRESSIVE;
				CLANG_WARN_UNREACHABLE_CODE = YES;
				CLANG_WARN__DUPLICATE_METHOD_MATCH = YES;
				COPY_PHASE_STRIP = NO;
				DEBUG_INFORMATION_FORMAT = "dwarf-with-dsym";
				ENABLE_NS_ASSERTIONS = NO;
				ENABLE_STRICT_OBJC_MSGSEND = YES;
				ENABLE_USER_SCRIPT_SANDBOXING = YES;
				GCC_C_LANGUAGE_STANDARD = gnu17;
				GCC_NO_COMMON_BLOCKS = YES;
				GCC_WARN_64_TO_32_BIT_CONVERSION = YES;
				GCC_WARN_ABOUT_RETURN_TYPE = YES_ERROR;
				GCC_WARN_UNDECLARED_SELECTOR = YES;
				GCC_WARN_UNINITIALIZED_AUTOS = YES_AGGRESSIVE;
				GCC_WARN_UNUSED_FUNCTION = YES;
				GCC_WARN_UNUSED_VARIABLE = YES;
				IPHONEOS_DEPLOYMENT_TARGET = 17.5;
				LOCALIZATION_PREFERS_STRING_CATALOGS = YES;
				MTL_ENABLE_DEBUG_INFO = NO;
				MTL_FAST_MATH = YES;
				SDKROOT = iphoneos;
				SWIFT_COMPILATION_MODE = wholemodule;
				VALIDATE_PRODUCT = YES;
			};
			name = Release;
		};
		C2E4DC1E2C5C411A00586D83 /* Debug */ = {
			isa = XCBuildConfiguration;
			buildSettings = {
				ASSETCATALOG_COMPILER_APPICON_NAME = AppIcon;
				ASSETCATALOG_COMPILER_GLOBAL_ACCENT_COLOR_NAME = AccentColor;
				CODE_SIGN_STYLE = Automatic;
				CURRENT_PROJECT_VERSION = 1;
				DEVELOPMENT_ASSET_PATHS = "\"SET/Preview Content\"";
				DEVELOPMENT_TEAM = M94QFB9Z3P;
				ENABLE_PREVIEWS = YES;
				GENERATE_INFOPLIST_FILE = YES;
				INFOPLIST_KEY_UIApplicationSceneManifest_Generation = YES;
				INFOPLIST_KEY_UIApplicationSupportsIndirectInputEvents = YES;
				INFOPLIST_KEY_UILaunchScreen_Generation = YES;
				INFOPLIST_KEY_UISupportedInterfaceOrientations_iPad = "UIInterfaceOrientationPortrait UIInterfaceOrientationPortraitUpsideDown UIInterfaceOrientationLandscapeLeft UIInterfaceOrientationLandscapeRight";
				INFOPLIST_KEY_UISupportedInterfaceOrientations_iPhone = "UIInterfaceOrientationPortrait UIInterfaceOrientationLandscapeLeft UIInterfaceOrientationLandscapeRight";
				LD_RUNPATH_SEARCH_PATHS = (
					"$(inherited)",
					"@executable_path/Frameworks",
				);
				MARKETING_VERSION = 1.0;
				PRODUCT_BUNDLE_IDENTIFIER = com.ryanboyle.SET;
				PRODUCT_NAME = "$(TARGET_NAME)";
				SWIFT_EMIT_LOC_STRINGS = YES;
				SWIFT_VERSION = 5.0;
				TARGETED_DEVICE_FAMILY = "1,2";
			};
			name = Debug;
		};
		C2E4DC1F2C5C411A00586D83 /* Release */ = {
			isa = XCBuildConfiguration;
			buildSettings = {
				ASSETCATALOG_COMPILER_APPICON_NAME = AppIcon;
				ASSETCATALOG_COMPILER_GLOBAL_ACCENT_COLOR_NAME = AccentColor;
				CODE_SIGN_STYLE = Automatic;
				CURRENT_PROJECT_VERSION = 1;
				DEVELOPMENT_ASSET_PATHS = "\"SET/Preview Content\"";
				DEVELOPMENT_TEAM = M94QFB9Z3P;
				ENABLE_PREVIEWS = YES;
				GENERATE_INFOPLIST_FILE = YES;
				INFOPLIST_KEY_UIApplicationSceneManifest_Generation = YES;
				INFOPLIST_KEY_UIApplicationSupportsIndirectInputEvents = YES;
				INFOPLIST_KEY_UILaunchScreen_Generation = YES;
				INFOPLIST_KEY_UISupportedInterfaceOrientations_iPad = "UIInterfaceOrientationPortrait UIInterfaceOrientationPortraitUpsideDown UIInterfaceOrientationLandscapeLeft UIInterfaceOrientationLandscapeRight";
				INFOPLIST_KEY_UISupportedInterfaceOrientations_iPhone = "UIInterfaceOrientationPortrait UIInterfaceOrientationLandscapeLeft UIInterfaceOrientationLandscapeRight";
				LD_RUNPATH_SEARCH_PATHS = (
					"$(inherited)",
					"@executable_path/Frameworks",
				);
				MARKETING_VERSION = 1.0;
				PRODUCT_BUNDLE_IDENTIFIER = com.ryanboyle.SET;
				PRODUCT_NAME = "$(TARGET_NAME)";
				SWIFT_EMIT_LOC_STRINGS = YES;
				SWIFT_VERSION = 5.0;
				TARGETED_DEVICE_FAMILY = "1,2";
			};
			name = Release;
		};
/* End XCBuildConfiguration section */

/* Begin XCConfigurationList section */
		C2E4DC0A2C5C411800586D83 /* Build configuration list for PBXProject "SET" */ = {
			isa = XCConfigurationList;
			buildConfigurations = (
				C2E4DC1B2C5C411A00586D83 /* Debug */,
				C2E4DC1C2C5C411A00586D83 /* Release */,
			);
			defaultConfigurationIsVisible = 0;
			defaultConfigurationName = Release;
		};
		C2E4DC1D2C5C411A00586D83 /* Build configuration list for PBXNativeTarget "SET" */ = {
			isa = XCConfigurationList;
			buildConfigurations = (
				C2E4DC1E2C5C411A00586D83 /* Debug */,
				C2E4DC1F2C5C411A00586D83 /* Release */,
			);
			defaultConfigurationIsVisible = 0;
			defaultConfigurationName = Release;
		};
/* End XCConfigurationList section */
	};
	rootObject = C2E4DC072C5C411800586D83 /* Project object */;
}
